{
  "name": "cirodown",
  "version": "1.0.0",
  "lockfileVersion": 1,
  "requires": true,
  "dependencies": {
    "commander": {
      "version": "0.5.2",
      "resolved": "https://registry.npmjs.org/commander/-/commander-0.5.2.tgz",
      "integrity": "sha1-8nAyZwmhFaEmz+1WI4UkObjko7U=",
      "dev": true
    },
    "debug": {
      "version": "4.1.1",
      "resolved": "https://registry.npmjs.org/debug/-/debug-4.1.1.tgz",
      "integrity": "sha512-pYAIzeRo8J6KPEaJ0VWOh5Pzkbw/RetuzehGM7QRRX5he4fPHx2rdKMB256ehJCkX+XRQm16eZLqLNS8RSZXZw==",
      "dev": true,
      "requires": {
        "ms": "^2.1.1"
      }
    },
    "growl": {
      "version": "1.4.1",
      "resolved": "https://registry.npmjs.org/growl/-/growl-1.4.1.tgz",
      "integrity": "sha1-3HeEByj4nLsNa2Twi2VRQGq2U8U=",
      "dev": true
    },
    "mocha": {
      "version": "0.10.2",
      "resolved": "https://registry.npmjs.org/mocha/-/mocha-0.10.2.tgz",
      "integrity": "sha1-+grMt9cPI1OFL7ng4qGGbHprdxg=",
      "dev": true,
      "requires": {
        "commander": "0.5.x",
        "debug": "*",
        "growl": "1.4.x"
      }
    },
    "mocha-list-tests": {
      "version": "1.0.2",
      "resolved": "https://registry.npmjs.org/mocha-list-tests/-/mocha-list-tests-1.0.2.tgz",
      "integrity": "sha512-uHoDjYesxoRcR3CgfrohIfcXnj05tysH9QIdY46SHl+je7u3DlxwfIEMJ7Tj8jyiiXTSF8FqHdJiE8IRNeQ0Wg=="
    },
    "ms": {
      "version": "2.1.2",
      "resolved": "https://registry.npmjs.org/ms/-/ms-2.1.2.tgz",
      "integrity": "sha512-sGkPx+VjMtmA6MX27oA4FBFELFCZZ4S4XqeGOXCv68tT+jb3vk/RyaKWP0PTKyWtmLSM0b+adUTEvbs1PEaH2w==",
      "dev": true
    }
  }
}
